
Microsoft Visual Studio Solution File, Format Version 12.00
# Visual Studio Version 16
VisualStudioVersion = 16.0.29806.167
MinimumVisualStudioVersion = 10.0.40219.1
Project("{FAE04EC0-301F-11D3-BF4B-00C04F79EFBC}") = "AboutMePortfolio", "AboutMePortfolio\AboutMePortfolio.csproj", "{D67533A7-F6A6-4C07-B4CC-C08A1CF826AB}"
EndProject
Global
	GlobalSection(SolutionConfigurationPlatforms) = preSolution
		Debug|Any CPU = Debug|Any CPU
		Release|Any CPU = Release|Any CPU
	EndGlobalSection
	GlobalSection(ProjectConfigurationPlatforms) = postSolution
		{D67533A7-F6A6-4C07-B4CC-C08A1CF826AB}.Debug|Any CPU.ActiveCfg = Debug|Any CPU
		{D67533A7-F6A6-4C07-B4CC-C08A1CF826AB}.Debug|Any CPU.Build.0 = Debug|Any CPU
		{D67533A7-F6A6-4C07-B4CC-C08A1CF826AB}.Release|Any CPU.ActiveCfg = Release|Any CPU
		{D67533A7-F6A6-4C07-B4CC-C08A1CF826AB}.Release|Any CPU.Build.0 = Release|Any CPU
	EndGlobalSection
	GlobalSection(SolutionProperties) = preSolution
		HideSolutionNode = FALSE
	EndGlobalSection
	GlobalSection(ExtensibilityGlobals) = postSolution
		SolutionGuid = {1865F186-93AE-44F2-A2FD-6591960C8B67}
	EndGlobalSection
EndGlobal
